
Microsoft Visual Studio Solution File, Format Version 12.00
# Visual Studio Version 17
VisualStudioVersion = 17.0.31903.59
MinimumVisualStudioVersion = 10.0.40219.1
Project("{FAE04EC0-301F-11D3-BF4B-00C04F79EFBC}") = "Aion2Dps.Analysis", "src\Aion2Dps.Analysis\Aion2Dps.Analysis.csproj", "{3C1F744F-AB77-4190-90B9-AFAECC92124C}"
EndProject
Project("{FAE04EC0-301F-11D3-BF4B-00C04F79EFBC}") = "Aion2Dps.Contracts", "src\Aion2Dps.Contracts\Aion2Dps.Contracts.csproj", "{46A22782-3948-40D3-A041-D83BB352941C}"
EndProject
Project("{FAE04EC0-301F-11D3-BF4B-00C04F79EFBC}") = "Aion2Dps.App", "src\Aion2Dps.App\Aion2Dps.App.csproj", "{DCFB94FF-1EBF-4C5C-8371-D15E117DFB70}"
EndProject
Project("{FAE04EC0-301F-11D3-BF4B-00C04F79EFBC}") = "Aion2Dps.Protocol", "src\Aion2Dps.Protocol\Aion2Dps.Protocol.csproj", "{832AF9D0-98CE-434D-BA28-B404CC557C71}"
EndProject
Project("{FAE04EC0-301F-11D3-BF4B-00C04F79EFBC}") = "Aion2Dps.GameData", "src\Aion2Dps.GameData\Aion2Dps.GameData.csproj", "{992CBA11-D0AE-4546-8618-F66463BE3F38}"
EndProject
Project("{FAE04EC0-301F-11D3-BF4B-00C04F79EFBC}") = "Aion2Dps.Combat", "src\Aion2Dps.Combat\Aion2Dps.Combat.csproj", "{3992E6E7-E5FE-43DD-9B2E-0CE00D778340}"
EndProject
Project("{FAE04EC0-301F-11D3-BF4B-00C04F79EFBC}") = "Aion2Dps.Capture", "src\Aion2Dps.Capture\Aion2Dps.Capture.csproj", "{71F2FFF3-1FC2-4EB4-873E-F45C24208232}"
EndProject
Project("{FAE04EC0-301F-11D3-BF4B-00C04F79EFBC}") = "Aion2Dps.Storage", "src\Aion2Dps.Storage\Aion2Dps.Storage.csproj", "{06EF7606-EBE2-48BF-81E4-A08ECD1AB9D3}"
EndProject
Project("{FAE04EC0-301F-11D3-BF4B-00C04F79EFBC}") = "Aion2Dps.Simulator", "src\Aion2Dps.Simulator\Aion2Dps.Simulator.csproj", "{C5795D1C-5CDC-4FB7-9C8E-ED092DD20D1E}"
EndProject
Project("{FAE04EC0-301F-11D3-BF4B-00C04F79EFBC}") = "Aion2Dps.Armory", "src\Aion2Dps.Armory\Aion2Dps.Armory.csproj", "{BFC78731-3250-4EAC-927B-5BF57E33F704}"
EndProject
Project("{FAE04EC0-301F-11D3-BF4B-00C04F79EFBC}") = "Aion2Dps.Cli", "src\Aion2Dps.Cli\Aion2Dps.Cli.csproj", "{C3736582-BEA6-4AAC-98C8-E77C4C39BEA3}"
EndProject
Project("{FAE04EC0-301F-11D3-BF4B-00C04F79EFBC}") = "Aion2Dps.Capture.Tests", "tests\Aion2Dps.Capture.Tests\Aion2Dps.Capture.Tests.csproj", "{28D963B1-A823-48A2-8AB7-17043F185C2D}"
EndProject
Project("{FAE04EC0-301F-11D3-BF4B-00C04F79EFBC}") = "Aion2Dps.Combat.Tests", "tests\Aion2Dps.Combat.Tests\Aion2Dps.Combat.Tests.csproj", "{B177A352-4A3B-41D4-9E35-C5FB10B46EA3}"
EndProject
Project("{FAE04EC0-301F-11D3-BF4B-00C04F79EFBC}") = "Aion2Dps.EndToEnd.Tests", "tests\Aion2Dps.EndToEnd.Tests\Aion2Dps.EndToEnd.Tests.csproj", "{019D7728-7776-40A0-B4F9-CAFFFD294AAE}"
EndProject
Project("{FAE04EC0-301F-11D3-BF4B-00C04F79EFBC}") = "Aion2Dps.GameData.Tests", "tests\Aion2Dps.GameData.Tests\Aion2Dps.GameData.Tests.csproj", "{951216F4-812A-4345-BB8A-E2FE6A3853D0}"
EndProject
Project("{FAE04EC0-301F-11D3-BF4B-00C04F79EFBC}") = "Aion2Dps.Protocol.Tests", "tests\Aion2Dps.Protocol.Tests\Aion2Dps.Protocol.Tests.csproj", "{D2E6EBBD-C669-4180-B36B-1A6989A4E768}"
EndProject
Project("{FAE04EC0-301F-11D3-BF4B-00C04F79EFBC}") = "Aion2Dps.Simulator.Tests", "tests\Aion2Dps.Simulator.Tests\Aion2Dps.Simulator.Tests.csproj", "{2712B09A-5B87-4AE1-87FB-D6DFA2DE60D6}"
EndProject
Project("{FAE04EC0-301F-11D3-BF4B-00C04F79EFBC}") = "Aion2Dps.Storage.Tests", "tests\Aion2Dps.Storage.Tests\Aion2Dps.Storage.Tests.csproj", "{1993C34C-5D4C-4B64-A477-DB4C9458DBA9}"
EndProject
Project("{2150E333-8FDC-42A3-9474-1A3956D46DE8}") = "tests", "tests", "{0AB3BF05-4346-4AA6-1389-037BE0695223}"
EndProject
Project("{FAE04EC0-301F-11D3-BF4B-00C04F79EFBC}") = "Aion2Dps.App.Tests", "tests\Aion2Dps.App.Tests\Aion2Dps.App.Tests.csproj", "{EA966454-5FFC-4991-B735-A769F8C295BF}"
EndProject
Project("{2150E333-8FDC-42A3-9474-1A3956D46DE8}") = "src", "src", "{827E0CD3-B72D-47B6-A68D-7590B98EB39B}"
EndProject
Project("{FAE04EC0-301F-11D3-BF4B-00C04F79EFBC}") = "Aion2Dps.Analysis.Tests", "tests\Aion2Dps.Analysis.Tests\Aion2Dps.Analysis.Tests.csproj", "{BE1723A6-3FFC-4402-A9C9-69FC742C2751}"
EndProject
Project("{FAE04EC0-301F-11D3-BF4B-00C04F79EFBC}") = "Aion2Dps.Armory.Tests", "tests\Aion2Dps.Armory.Tests\Aion2Dps.Armory.Tests.csproj", "{4431EEEF-A98C-45AD-8DCA-5E2192EA7865}"
EndProject
Global
	GlobalSection(SolutionConfigurationPlatforms) = preSolution
		Debug|Any CPU = Debug|Any CPU
		Debug|x64 = Debug|x64
		Debug|x86 = Debug|x86
		Release|Any CPU = Release|Any CPU
		Release|x64 = Release|x64
		Release|x86 = Release|x86
	EndGlobalSection
	GlobalSection(ProjectConfigurationPlatforms) = postSolution
		{3C1F744F-AB77-4190-90B9-AFAECC92124C}.Debug|Any CPU.ActiveCfg = Debug|Any CPU
		{3C1F744F-AB77-4190-90B9-AFAECC92124C}.Debug|Any CPU.Build.0 = Debug|Any CPU
		{3C1F744F-AB77-4190-90B9-AFAECC92124C}.Debug|x64.ActiveCfg = Debug|Any CPU
		{3C1F744F-AB77-4190-90B9-AFAECC92124C}.Debug|x64.Build.0 = Debug|Any CPU
		{3C1F744F-AB77-4190-90B9-AFAECC92124C}.Debug|x86.ActiveCfg = Debug|Any CPU
		{3C1F744F-AB77-4190-90B9-AFAECC92124C}.Debug|x86.Build.0 = Debug|Any CPU
		{3C1F744F-AB77-4190-90B9-AFAECC92124C}.Release|Any CPU.ActiveCfg = Release|Any CPU
		{3C1F744F-AB77-4190-90B9-AFAECC92124C}.Release|Any CPU.Build.0 = Release|Any CPU
		{3C1F744F-AB77-4190-90B9-AFAECC92124C}.Release|x64.ActiveCfg = Release|Any CPU
		{3C1F744F-AB77-4190-90B9-AFAECC92124C}.Release|x64.Build.0 = Release|Any CPU
		{3C1F744F-AB77-4190-90B9-AFAECC92124C}.Release|x86.ActiveCfg = Release|Any CPU
		{3C1F744F-AB77-4190-90B9-AFAECC92124C}.Release|x86.Build.0 = Release|Any CPU
		{46A22782-3948-40D3-A041-D83BB352941C}.Debug|Any CPU.ActiveCfg = Debug|Any CPU
		{46A22782-3948-40D3-A041-D83BB352941C}.Debug|Any CPU.Build.0 = Debug|Any CPU
		{46A22782-3948-40D3-A041-D83BB352941C}.Debug|x64.ActiveCfg = Debug|Any CPU
		{46A22782-3948-40D3-A041-D83BB352941C}.Debug|x64.Build.0 = Debug|Any CPU
		{46A22782-3948-40D3-A041-D83BB352941C}.Debug|x86.ActiveCfg = Debug|Any CPU
		{46A22782-3948-40D3-A041-D83BB352941C}.Debug|x86.Build.0 = Debug|Any CPU
		{46A22782-3948-40D3-A041-D83BB352941C}.Release|Any CPU.ActiveCfg = Release|Any CPU
		{46A22782-3948-40D3-A041-D83BB352941C}.Release|Any CPU.Build.0 = Release|Any CPU
		{46A22782-3948-40D3-A041-D83BB352941C}.Release|x64.ActiveCfg = Release|Any CPU
		{46A22782-3948-40D3-A041-D83BB352941C}.Release|x64.Build.0 = Release|Any CPU
		{46A22782-3948-40D3-A041-D83BB352941C}.Release|x86.ActiveCfg = Release|Any CPU
		{46A22782-3948-40D3-A041-D83BB352941C}.Release|x86.Build.0 = Release|Any CPU
		{DCFB94FF-1EBF-4C5C-8371-D15E117DFB70}.Debug|Any CPU.ActiveCfg = Debug|Any CPU
		{DCFB94FF-1EBF-4C5C-8371-D15E117DFB70}.Debug|Any CPU.Build.0 = Debug|Any CPU
		{DCFB94FF-1EBF-4C5C-8371-D15E117DFB70}.Debug|x64.ActiveCfg = Debug|Any CPU
		{DCFB94FF-1EBF-4C5C-8371-D15E117DFB70}.Debug|x64.Build.0 = Debug|Any CPU
		{DCFB94FF-1EBF-4C5C-8371-D15E117DFB70}.Debug|x86.ActiveCfg = Debug|Any CPU
		{DCFB94FF-1EBF-4C5C-8371-D15E117DFB70}.Debug|x86.Build.0 = Debug|Any CPU
		{DCFB94FF-1EBF-4C5C-8371-D15E117DFB70}.Release|Any CPU.ActiveCfg = Release|Any CPU
		{DCFB94FF-1EBF-4C5C-8371-D15E117DFB70}.Release|Any CPU.Build.0 = Release|Any CPU
		{DCFB94FF-1EBF-4C5C-8371-D15E117DFB70}.Release|x64.ActiveCfg = Release|Any CPU
		{DCFB94FF-1EBF-4C5C-8371-D15E117DFB70}.Release|x64.Build.0 = Release|Any CPU
		{DCFB94FF-1EBF-4C5C-8371-D15E117DFB70}.Release|x86.ActiveCfg = Release|Any CPU
		{DCFB94FF-1EBF-4C5C-8371-D15E117DFB70}.Release|x86.Build.0 = Release|Any CPU
		{832AF9D0-98CE-434D-BA28-B404CC557C71}.Debug|Any CPU.ActiveCfg = Debug|Any CPU
		{832AF9D0-98CE-434D-BA28-B404CC557C71}.Debug|Any CPU.Build.0 = Debug|Any CPU
		{832AF9D0-98CE-434D-BA28-B404CC557C71}.Debug|x64.ActiveCfg = Debug|Any CPU
		{832AF9D0-98CE-434D-BA28-B404CC557C71}.Debug|x64.Build.0 = Debug|Any CPU
		{832AF9D0-98CE-434D-BA28-B404CC557C71}.Debug|x86.ActiveCfg = Debug|Any CPU
		{832AF9D0-98CE-434D-BA28-B404CC557C71}.Debug|x86.Build.0 = Debug|Any CPU
		{832AF9D0-98CE-434D-BA28-B404CC557C71}.Release|Any CPU.ActiveCfg = Release|Any CPU
		{832AF9D0-98CE-434D-BA28-B404CC557C71}.Release|Any CPU.Build.0 = Release|Any CPU
		{832AF9D0-98CE-434D-BA28-B404CC557C71}.Release|x64.ActiveCfg = Release|Any CPU
		{832AF9D0-98CE-434D-BA28-B404CC557C71}.Release|x64.Build.0 = Release|Any CPU
		{832AF9D0-98CE-434D-BA28-B404CC557C71}.Release|x86.ActiveCfg = Release|Any CPU
		{832AF9D0-98CE-434D-BA28-B404CC557C71}.Release|x86.Build.0 = Release|Any CPU
		{992CBA11-D0AE-4546-8618-F66463BE3F38}.Debug|Any CPU.ActiveCfg = Debug|Any CPU
		{992CBA11-D0AE-4546-8618-F66463BE3F38}.Debug|Any CPU.Build.0 = Debug|Any CPU
		{992CBA11-D0AE-4546-8618-F66463BE3F38}.Debug|x64.ActiveCfg = Debug|Any CPU
		{992CBA11-D0AE-4546-8618-F66463BE3F38}.Debug|x64.Build.0 = Debug|Any CPU
		{992CBA11-D0AE-4546-8618-F66463BE3F38}.Debug|x86.ActiveCfg = Debug|Any CPU
		{992CBA11-D0AE-4546-8618-F66463BE3F38}.Debug|x86.Build.0 = Debug|Any CPU
		{992CBA11-D0AE-4546-8618-F66463BE3F38}.Release|Any CPU.ActiveCfg = Release|Any CPU
		{992CBA11-D0AE-4546-8618-F66463BE3F38}.Release|Any CPU.Build.0 = Release|Any CPU
		{992CBA11-D0AE-4546-8618-F66463BE3F38}.Release|x64.ActiveCfg = Release|Any CPU
		{992CBA11-D0AE-4546-8618-F66463BE3F38}.Release|x64.Build.0 = Release|Any CPU
		{992CBA11-D0AE-4546-8618-F66463BE3F38}.Release|x86.ActiveCfg = Release|Any CPU
		{992CBA11-D0AE-4546-8618-F66463BE3F38}.Release|x86.Build.0 = Release|Any CPU
		{3992E6E7-E5FE-43DD-9B2E-0CE00D778340}.Debug|Any CPU.ActiveCfg = Debug|Any CPU
		{3992E6E7-E5FE-43DD-9B2E-0CE00D778340}.Debug|Any CPU.Build.0 = Debug|Any CPU
		{3992E6E7-E5FE-43DD-9B2E-0CE00D778340}.Debug|x64.ActiveCfg = Debug|Any CPU
		{3992E6E7-E5FE-43DD-9B2E-0CE00D778340}.Debug|x64.Build.0 = Debug|Any CPU
		{3992E6E7-E5FE-43DD-9B2E-0CE00D778340}.Debug|x86.ActiveCfg = Debug|Any CPU
		{3992E6E7-E5FE-43DD-9B2E-0CE00D778340}.Debug|x86.Build.0 = Debug|Any CPU
		{3992E6E7-E5FE-43DD-9B2E-0CE00D778340}.Release|Any CPU.ActiveCfg = Release|Any CPU
		{3992E6E7-E5FE-43DD-9B2E-0CE00D778340}.Release|Any CPU.Build.0 = Release|Any CPU
		{3992E6E7-E5FE-43DD-9B2E-0CE00D778340}.Release|x64.ActiveCfg = Release|Any CPU
		{3992E6E7-E5FE-43DD-9B2E-0CE00D778340}.Release|x64.Build.0 = Release|Any CPU
		{3992E6E7-E5FE-43DD-9B2E-0CE00D778340}.Release|x86.ActiveCfg = Release|Any CPU
		{3992E6E7-E5FE-43DD-9B2E-0CE00D778340}.Release|x86.Build.0 = Release|Any CPU
		{71F2FFF3-1FC2-4EB4-873E-F45C24208232}.Debug|Any CPU.ActiveCfg = Debug|Any CPU
		{71F2FFF3-1FC2-4EB4-873E-F45C24208232}.Debug|Any CPU.Build.0 = Debug|Any CPU
		{71F2FFF3-1FC2-4EB4-873E-F45C24208232}.Debug|x64.ActiveCfg = Debug|Any CPU
		{71F2FFF3-1FC2-4EB4-873E-F45C24208232}.Debug|x64.Build.0 = Debug|Any CPU
		{71F2FFF3-1FC2-4EB4-873E-F45C24208232}.Debug|x86.ActiveCfg = Debug|Any CPU
		{71F2FFF3-1FC2-4EB4-873E-F45C24208232}.Debug|x86.Build.0 = Debug|Any CPU
		{71F2FFF3-1FC2-4EB4-873E-F45C24208232}.Release|Any CPU.ActiveCfg = Release|Any CPU
		{71F2FFF3-1FC2-4EB4-873E-F45C24208232}.Release|Any CPU.Build.0 = Release|Any CPU
		{71F2FFF3-1FC2-4EB4-873E-F45C24208232}.Release|x64.ActiveCfg = Release|Any CPU
		{71F2FFF3-1FC2-4EB4-873E-F45C24208232}.Release|x64.Build.0 = Release|Any CPU
		{71F2FFF3-1FC2-4EB4-873E-F45C24208232}.Release|x86.ActiveCfg = Release|Any CPU
		{71F2FFF3-1FC2-4EB4-873E-F45C24208232}.Release|x86.Build.0 = Release|Any CPU
		{06EF7606-EBE2-48BF-81E4-A08ECD1AB9D3}.Debug|Any CPU.ActiveCfg = Debug|Any CPU
		{06EF7606-EBE2-48BF-81E4-A08ECD1AB9D3}.Debug|Any CPU.Build.0 = Debug|Any CPU
		{06EF7606-EBE2-48BF-81E4-A08ECD1AB9D3}.Debug|x64.ActiveCfg = Debug|Any CPU
		{06EF7606-EBE2-48BF-81E4-A08ECD1AB9D3}.Debug|x64.Build.0 = Debug|Any CPU
		{06EF7606-EBE2-48BF-81E4-A08ECD1AB9D3}.Debug|x86.ActiveCfg = Debug|Any CPU
		{06EF7606-EBE2-48BF-81E4-A08ECD1AB9D3}.Debug|x86.Build.0 = Debug|Any CPU
		{06EF7606-EBE2-48BF-81E4-A08ECD1AB9D3}.Release|Any CPU.ActiveCfg = Release|Any CPU
		{06EF7606-EBE2-48BF-81E4-A08ECD1AB9D3}.Release|Any CPU.Build.0 = Release|Any CPU
		{06EF7606-EBE2-48BF-81E4-A08ECD1AB9D3}.Release|x64.ActiveCfg = Release|Any CPU
		{06EF7606-EBE2-48BF-81E4-A08ECD1AB9D3}.Release|x64.Build.0 = Release|Any CPU
		{06EF7606-EBE2-48BF-81E4-A08ECD1AB9D3}.Release|x86.ActiveCfg = Release|Any CPU
		{06EF7606-EBE2-48BF-81E4-A08ECD1AB9D3}.Release|x86.Build.0 = Release|Any CPU
		{C5795D1C-5CDC-4FB7-9C8E-ED092DD20D1E}.Debug|Any CPU.ActiveCfg = Debug|Any CPU
		{C5795D1C-5CDC-4FB7-9C8E-ED092DD20D1E}.Debug|Any CPU.Build.0 = Debug|Any CPU
		{C5795D1C-5CDC-4FB7-9C8E-ED092DD20D1E}.Debug|x64.ActiveCfg = Debug|Any CPU
		{C5795D1C-5CDC-4FB7-9C8E-ED092DD20D1E}.Debug|x64.Build.0 = Debug|Any CPU
		{C5795D1C-5CDC-4FB7-9C8E-ED092DD20D1E}.Debug|x86.ActiveCfg = Debug|Any CPU
		{C5795D1C-5CDC-4FB7-9C8E-ED092DD20D1E}.Debug|x86.Build.0 = Debug|Any CPU
		{C5795D1C-5CDC-4FB7-9C8E-ED092DD20D1E}.Release|Any CPU.ActiveCfg = Release|Any CPU
		{C5795D1C-5CDC-4FB7-9C8E-ED092DD20D1E}.Release|Any CPU.Build.0 = Release|Any CPU
		{C5795D1C-5CDC-4FB7-9C8E-ED092DD20D1E}.Release|x64.ActiveCfg = Release|Any CPU
		{C5795D1C-5CDC-4FB7-9C8E-ED092DD20D1E}.Release|x64.Build.0 = Release|Any CPU
		{C5795D1C-5CDC-4FB7-9C8E-ED092DD20D1E}.Release|x86.ActiveCfg = Release|Any CPU
		{C5795D1C-5CDC-4FB7-9C8E-ED092DD20D1E}.Release|x86.Build.0 = Release|Any CPU
		{BFC78731-3250-4EAC-927B-5BF57E33F704}.Debug|Any CPU.ActiveCfg = Debug|Any CPU
		{BFC78731-3250-4EAC-927B-5BF57E33F704}.Debug|Any CPU.Build.0 = Debug|Any CPU
		{BFC78731-3250-4EAC-927B-5BF57E33F704}.Debug|x64.ActiveCfg = Debug|Any CPU
		{BFC78731-3250-4EAC-927B-5BF57E33F704}.Debug|x64.Build.0 = Debug|Any CPU
		{BFC78731-3250-4EAC-927B-5BF57E33F704}.Debug|x86.ActiveCfg = Debug|Any CPU
		{BFC78731-3250-4EAC-927B-5BF57E33F704}.Debug|x86.Build.0 = Debug|Any CPU
		{BFC78731-3250-4EAC-927B-5BF57E33F704}.Release|Any CPU.ActiveCfg = Release|Any CPU
		{BFC78731-3250-4EAC-927B-5BF57E33F704}.Release|Any CPU.Build.0 = Release|Any CPU
		{BFC78731-3250-4EAC-927B-5BF57E33F704}.Release|x64.ActiveCfg = Release|Any CPU
		{BFC78731-3250-4EAC-927B-5BF57E33F704}.Release|x64.Build.0 = Release|Any CPU
		{BFC78731-3250-4EAC-927B-5BF57E33F704}.Release|x86.ActiveCfg = Release|Any CPU
		{BFC78731-3250-4EAC-927B-5BF57E33F704}.Release|x86.Build.0 = Release|Any CPU
		{C3736582-BEA6-4AAC-98C8-E77C4C39BEA3}.Debug|Any CPU.ActiveCfg = Debug|Any CPU
		{C3736582-BEA6-4AAC-98C8-E77C4C39BEA3}.Debug|Any CPU.Build.0 = Debug|Any CPU
		{C3736582-BEA6-4AAC-98C8-E77C4C39BEA3}.Debug|x64.ActiveCfg = Debug|Any CPU
		{C3736582-BEA6-4AAC-98C8-E77C4C39BEA3}.Debug|x64.Build.0 = Debug|Any CPU
		{C3736582-BEA6-4AAC-98C8-E77C4C39BEA3}.Debug|x86.ActiveCfg = Debug|Any CPU
		{C3736582-BEA6-4AAC-98C8-E77C4C39BEA3}.Debug|x86.Build.0 = Debug|Any CPU
		{C3736582-BEA6-4AAC-98C8-E77C4C39BEA3}.Release|Any CPU.ActiveCfg = Release|Any CPU
		{C3736582-BEA6-4AAC-98C8-E77C4C39BEA3}.Release|Any CPU.Build.0 = Release|Any CPU
		{C3736582-BEA6-4AAC-98C8-E77C4C39BEA3}.Release|x64.ActiveCfg = Release|Any CPU
		{C3736582-BEA6-4AAC-98C8-E77C4C39BEA3}.Release|x64.Build.0 = Release|Any CPU
		{C3736582-BEA6-4AAC-98C8-E77C4C39BEA3}.Release|x86.ActiveCfg = Release|Any CPU
		{C3736582-BEA6-4AAC-98C8-E77C4C39BEA3}.Release|x86.Build.0 = Release|Any CPU
		{28D963B1-A823-48A2-8AB7-17043F185C2D}.Debug|Any CPU.ActiveCfg = Debug|Any CPU
		{28D963B1-A823-48A2-8AB7-17043F185C2D}.Debug|Any CPU.Build.0 = Debug|Any CPU
		{28D963B1-A823-48A2-8AB7-17043F185C2D}.Debug|x64.ActiveCfg = Debug|Any CPU
		{28D963B1-A823-48A2-8AB7-17043F185C2D}.Debug|x64.Build.0 = Debug|Any CPU
		{28D963B1-A823-48A2-8AB7-17043F185C2D}.Debug|x86.ActiveCfg = Debug|Any CPU
		{28D963B1-A823-48A2-8AB7-17043F185C2D}.Debug|x86.Build.0 = Debug|Any CPU
		{28D963B1-A823-48A2-8AB7-17043F185C2D}.Release|Any CPU.ActiveCfg = Release|Any CPU
		{28D963B1-A823-48A2-8AB7-17043F185C2D}.Release|Any CPU.Build.0 = Release|Any CPU
		{28D963B1-A823-48A2-8AB7-17043F185C2D}.Release|x64.ActiveCfg = Release|Any CPU
		{28D963B1-A823-48A2-8AB7-17043F185C2D}.Release|x64.Build.0 = Release|Any CPU
		{28D963B1-A823-48A2-8AB7-17043F185C2D}.Release|x86.ActiveCfg = Release|Any CPU
		{28D963B1-A823-48A2-8AB7-17043F185C2D}.Release|x86.Build.0 = Release|Any CPU
		{B177A352-4A3B-41D4-9E35-C5FB10B46EA3}.Debug|Any CPU.ActiveCfg = Debug|Any CPU
		{B177A352-4A3B-41D4-9E35-C5FB10B46EA3}.Debug|Any CPU.Build.0 = Debug|Any CPU
		{B177A352-4A3B-41D4-9E35-C5FB10B46EA3}.Debug|x64.ActiveCfg = Debug|Any CPU
		{B177A352-4A3B-41D4-9E35-C5FB10B46EA3}.Debug|x64.Build.0 = Debug|Any CPU
		{B177A352-4A3B-41D4-9E35-C5FB10B46EA3}.Debug|x86.ActiveCfg = Debug|Any CPU
		{B177A352-4A3B-41D4-9E35-C5FB10B46EA3}.Debug|x86.Build.0 = Debug|Any CPU
		{B177A352-4A3B-41D4-9E35-C5FB10B46EA3}.Release|Any CPU.ActiveCfg = Release|Any CPU
		{B177A352-4A3B-41D4-9E35-C5FB10B46EA3}.Release|Any CPU.Build.0 = Release|Any CPU
		{B177A352-4A3B-41D4-9E35-C5FB10B46EA3}.Release|x64.ActiveCfg = Release|Any CPU
		{B177A352-4A3B-41D4-9E35-C5FB10B46EA3}.Release|x64.Build.0 = Release|Any CPU
		{B177A352-4A3B-41D4-9E35-C5FB10B46EA3}.Release|x86.ActiveCfg = Release|Any CPU
		{B177A352-4A3B-41D4-9E35-C5FB10B46EA3}.Release|x86.Build.0 = Release|Any CPU
		{019D7728-7776-40A0-B4F9-CAFFFD294AAE}.Debug|Any CPU.ActiveCfg = Debug|Any CPU
		{019D7728-7776-40A0-B4F9-CAFFFD294AAE}.Debug|Any CPU.Build.0 = Debug|Any CPU
		{019D7728-7776-40A0-B4F9-CAFFFD294AAE}.Debug|x64.ActiveCfg = Debug|Any CPU
		{019D7728-7776-40A0-B4F9-CAFFFD294AAE}.Debug|x64.Build.0 = Debug|Any CPU
		{019D7728-7776-40A0-B4F9-CAFFFD294AAE}.Debug|x86.ActiveCfg = Debug|Any CPU
		{019D7728-7776-40A0-B4F9-CAFFFD294AAE}.Debug|x86.Build.0 = Debug|Any CPU
		{019D7728-7776-40A0-B4F9-CAFFFD294AAE}.Release|Any CPU.ActiveCfg = Release|Any CPU
		{019D7728-7776-40A0-B4F9-CAFFFD294AAE}.Release|Any CPU.Build.0 = Release|Any CPU
		{019D7728-7776-40A0-B4F9-CAFFFD294AAE}.Release|x64.ActiveCfg = Release|Any CPU
		{019D7728-7776-40A0-B4F9-CAFFFD294AAE}.Release|x64.Build.0 = Release|Any CPU
		{019D7728-7776-40A0-B4F9-CAFFFD294AAE}.Release|x86.ActiveCfg = Release|Any CPU
		{019D7728-7776-40A0-B4F9-CAFFFD294AAE}.Release|x86.Build.0 = Release|Any CPU
		{951216F4-812A-4345-BB8A-E2FE6A3853D0}.Debug|Any CPU.ActiveCfg = Debug|Any CPU
		{951216F4-812A-4345-BB8A-E2FE6A3853D0}.Debug|Any CPU.Build.0 = Debug|Any CPU
		{951216F4-812A-4345-BB8A-E2FE6A3853D0}.Debug|x64.ActiveCfg = Debug|Any CPU
		{951216F4-812A-4345-BB8A-E2FE6A3853D0}.Debug|x64.Build.0 = Debug|Any CPU
		{951216F4-812A-4345-BB8A-E2FE6A3853D0}.Debug|x86.ActiveCfg = Debug|Any CPU
		{951216F4-812A-4345-BB8A-E2FE6A3853D0}.Debug|x86.Build.0 = Debug|Any CPU
		{951216F4-812A-4345-BB8A-E2FE6A3853D0}.Release|Any CPU.ActiveCfg = Release|Any CPU
		{951216F4-812A-4345-BB8A-E2FE6A3853D0}.Release|Any CPU.Build.0 = Release|Any CPU
		{951216F4-812A-4345-BB8A-E2FE6A3853D0}.Release|x64.ActiveCfg = Release|Any CPU
		{951216F4-812A-4345-BB8A-E2FE6A3853D0}.Release|x64.Build.0 = Release|Any CPU
		{951216F4-812A-4345-BB8A-E2FE6A3853D0}.Release|x86.ActiveCfg = Release|Any CPU
		{951216F4-812A-4345-BB8A-E2FE6A3853D0}.Release|x86.Build.0 = Release|Any CPU
		{D2E6EBBD-C669-4180-B36B-1A6989A4E768}.Debug|Any CPU.ActiveCfg = Debug|Any CPU
		{D2E6EBBD-C669-4180-B36B-1A6989A4E768}.Debug|Any CPU.Build.0 = Debug|Any CPU
		{D2E6EBBD-C669-4180-B36B-1A6989A4E768}.Debug|x64.ActiveCfg = Debug|Any CPU
		{D2E6EBBD-C669-4180-B36B-1A6989A4E768}.Debug|x64.Build.0 = Debug|Any CPU
		{D2E6EBBD-C669-4180-B36B-1A6989A4E768}.Debug|x86.ActiveCfg = Debug|Any CPU
		{D2E6EBBD-C669-4180-B36B-1A6989A4E768}.Debug|x86.Build.0 = Debug|Any CPU
		{D2E6EBBD-C669-4180-B36B-1A6989A4E768}.Release|Any CPU.ActiveCfg = Release|Any CPU
		{D2E6EBBD-C669-4180-B36B-1A6989A4E768}.Release|Any CPU.Build.0 = Release|Any CPU
		{D2E6EBBD-C669-4180-B36B-1A6989A4E768}.Release|x64.ActiveCfg = Release|Any CPU
		{D2E6EBBD-C669-4180-B36B-1A6989A4E768}.Release|x64.Build.0 = Release|Any CPU
		{D2E6EBBD-C669-4180-B36B-1A6989A4E768}.Release|x86.ActiveCfg = Release|Any CPU
		{D2E6EBBD-C669-4180-B36B-1A6989A4E768}.Release|x86.Build.0 = Release|Any CPU
		{2712B09A-5B87-4AE1-87FB-D6DFA2DE60D6}.Debug|Any CPU.ActiveCfg = Debug|Any CPU
		{2712B09A-5B87-4AE1-87FB-D6DFA2DE60D6}.Debug|Any CPU.Build.0 = Debug|Any CPU
		{2712B09A-5B87-4AE1-87FB-D6DFA2DE60D6}.Debug|x64.ActiveCfg = Debug|Any CPU
		{2712B09A-5B87-4AE1-87FB-D6DFA2DE60D6}.Debug|x64.Build.0 = Debug|Any CPU
		{2712B09A-5B87-4AE1-87FB-D6DFA2DE60D6}.Debug|x86.ActiveCfg = Debug|Any CPU
		{2712B09A-5B87-4AE1-87FB-D6DFA2DE60D6}.Debug|x86.Build.0 = Debug|Any CPU
		{2712B09A-5B87-4AE1-87FB-D6DFA2DE60D6}.Release|Any CPU.ActiveCfg = Release|Any CPU
		{2712B09A-5B87-4AE1-87FB-D6DFA2DE60D6}.Release|Any CPU.Build.0 = Release|Any CPU
		{2712B09A-5B87-4AE1-87FB-D6DFA2DE60D6}.Release|x64.ActiveCfg = Release|Any CPU
		{2712B09A-5B87-4AE1-87FB-D6DFA2DE60D6}.Release|x64.Build.0 = Release|Any CPU
		{2712B09A-5B87-4AE1-87FB-D6DFA2DE60D6}.Release|x86.ActiveCfg = Release|Any CPU
		{2712B09A-5B87-4AE1-87FB-D6DFA2DE60D6}.Release|x86.Build.0 = Release|Any CPU
		{1993C34C-5D4C-4B64-A477-DB4C9458DBA9}.Debug|Any CPU.ActiveCfg = Debug|Any CPU
		{1993C34C-5D4C-4B64-A477-DB4C9458DBA9}.Debug|Any CPU.Build.0 = Debug|Any CPU
		{1993C34C-5D4C-4B64-A477-DB4C9458DBA9}.Debug|x64.ActiveCfg = Debug|Any CPU
		{1993C34C-5D4C-4B64-A477-DB4C9458DBA9}.Debug|x64.Build.0 = Debug|Any CPU
		{1993C34C-5D4C-4B64-A477-DB4C9458DBA9}.Debug|x86.ActiveCfg = Debug|Any CPU
		{1993C34C-5D4C-4B64-A477-DB4C9458DBA9}.Debug|x86.Build.0 = Debug|Any CPU
		{1993C34C-5D4C-4B64-A477-DB4C9458DBA9}.Release|Any CPU.ActiveCfg = Release|Any CPU
		{1993C34C-5D4C-4B64-A477-DB4C9458DBA9}.Release|Any CPU.Build.0 = Release|Any CPU
		{1993C34C-5D4C-4B64-A477-DB4C9458DBA9}.Release|x64.ActiveCfg = Release|Any CPU
		{1993C34C-5D4C-4B64-A477-DB4C9458DBA9}.Release|x64.Build.0 = Release|Any CPU
		{1993C34C-5D4C-4B64-A477-DB4C9458DBA9}.Release|x86.ActiveCfg = Release|Any CPU
		{1993C34C-5D4C-4B64-A477-DB4C9458DBA9}.Release|x86.Build.0 = Release|Any CPU
		{EA966454-5FFC-4991-B735-A769F8C295BF}.Debug|Any CPU.ActiveCfg = Debug|Any CPU
		{EA966454-5FFC-4991-B735-A769F8C295BF}.Debug|Any CPU.Build.0 = Debug|Any CPU
		{EA966454-5FFC-4991-B735-A769F8C295BF}.Debug|x64.ActiveCfg = Debug|Any CPU
		{EA966454-5FFC-4991-B735-A769F8C295BF}.Debug|x64.Build.0 = Debug|Any CPU
		{EA966454-5FFC-4991-B735-A769F8C295BF}.Debug|x86.ActiveCfg = Debug|Any CPU
		{EA966454-5FFC-4991-B735-A769F8C295BF}.Debug|x86.Build.0 = Debug|Any CPU
		{EA966454-5FFC-4991-B735-A769F8C295BF}.Release|Any CPU.ActiveCfg = Release|Any CPU
		{EA966454-5FFC-4991-B735-A769F8C295BF}.Release|Any CPU.Build.0 = Release|Any CPU
		{EA966454-5FFC-4991-B735-A769F8C295BF}.Release|x64.ActiveCfg = Release|Any CPU
		{EA966454-5FFC-4991-B735-A769F8C295BF}.Release|x64.Build.0 = Release|Any CPU
		{EA966454-5FFC-4991-B735-A769F8C295BF}.Release|x86.ActiveCfg = Release|Any CPU
		{EA966454-5FFC-4991-B735-A769F8C295BF}.Release|x86.Build.0 = Release|Any CPU
		{BE1723A6-3FFC-4402-A9C9-69FC742C2751}.Debug|Any CPU.ActiveCfg = Debug|Any CPU
		{BE1723A6-3FFC-4402-A9C9-69FC742C2751}.Debug|Any CPU.Build.0 = Debug|Any CPU
		{BE1723A6-3FFC-4402-A9C9-69FC742C2751}.Debug|x64.ActiveCfg = Debug|Any CPU
		{BE1723A6-3FFC-4402-A9C9-69FC742C2751}.Debug|x64.Build.0 = Debug|Any CPU
		{BE1723A6-3FFC-4402-A9C9-69FC742C2751}.Debug|x86.ActiveCfg = Debug|Any CPU
		{BE1723A6-3FFC-4402-A9C9-69FC742C2751}.Debug|x86.Build.0 = Debug|Any CPU
		{BE1723A6-3FFC-4402-A9C9-69FC742C2751}.Release|Any CPU.ActiveCfg = Release|Any CPU
		{BE1723A6-3FFC-4402-A9C9-69FC742C2751}.Release|Any CPU.Build.0 = Release|Any CPU
		{BE1723A6-3FFC-4402-A9C9-69FC742C2751}.Release|x64.ActiveCfg = Release|Any CPU
		{BE1723A6-3FFC-4402-A9C9-69FC742C2751}.Release|x64.Build.0 = Release|Any CPU
		{BE1723A6-3FFC-4402-A9C9-69FC742C2751}.Release|x86.ActiveCfg = Release|Any CPU
		{BE1723A6-3FFC-4402-A9C9-69FC742C2751}.Release|x86.Build.0 = Release|Any CPU
		{4431EEEF-A98C-45AD-8DCA-5E2192EA7865}.Debug|Any CPU.ActiveCfg = Debug|Any CPU
		{4431EEEF-A98C-45AD-8DCA-5E2192EA7865}.Debug|Any CPU.Build.0 = Debug|Any CPU
		{4431EEEF-A98C-45AD-8DCA-5E2192EA7865}.Debug|x64.ActiveCfg = Debug|Any CPU
		{4431EEEF-A98C-45AD-8DCA-5E2192EA7865}.Debug|x64.Build.0 = Debug|Any CPU
		{4431EEEF-A98C-45AD-8DCA-5E2192EA7865}.Debug|x86.ActiveCfg = Debug|Any CPU
		{4431EEEF-A98C-45AD-8DCA-5E2192EA7865}.Debug|x86.Build.0 = Debug|Any CPU
		{4431EEEF-A98C-45AD-8DCA-5E2192EA7865}.Release|Any CPU.ActiveCfg = Release|Any CPU
		{4431EEEF-A98C-45AD-8DCA-5E2192EA7865}.Release|Any CPU.Build.0 = Release|Any CPU
		{4431EEEF-A98C-45AD-8DCA-5E2192EA7865}.Release|x64.ActiveCfg = Release|Any CPU
		{4431EEEF-A98C-45AD-8DCA-5E2192EA7865}.Release|x64.Build.0 = Release|Any CPU
		{4431EEEF-A98C-45AD-8DCA-5E2192EA7865}.Release|x86.ActiveCfg = Release|Any CPU
		{4431EEEF-A98C-45AD-8DCA-5E2192EA7865}.Release|x86.Build.0 = Release|Any CPU
	EndGlobalSection
	GlobalSection(SolutionProperties) = preSolution
		HideSolutionNode = FALSE
	EndGlobalSection
	GlobalSection(NestedProjects) = preSolution
		{EA966454-5FFC-4991-B735-A769F8C295BF} = {0AB3BF05-4346-4AA6-1389-037BE0695223}
		{BE1723A6-3FFC-4402-A9C9-69FC742C2751} = {0AB3BF05-4346-4AA6-1389-037BE0695223}
		{4431EEEF-A98C-45AD-8DCA-5E2192EA7865} = {0AB3BF05-4346-4AA6-1389-037BE0695223}
	EndGlobalSection
EndGlobal
